
Microsoft Visual Studio Solution File, Format Version 12.00
# Visual Studio Version 17
VisualStudioVersion = 17.5.33530.505
MinimumVisualStudioVersion = 10.0.40219.1
Project("{9A19103F-16F7-4668-BE54-9A1E7A4F7556}") = "WpfSampleApp", "WpfSampleApp\WpfSampleApp.csproj", "{D7DFFA0E-463E-4F2E-B541-4A0DAF44E20A}"
EndProject
Project("{9A19103F-16F7-4668-BE54-9A1E7A4F7556}") = "WpfSampleApp.Core", "WpfSampleApp.Core\WpfSampleApp.Core.csproj", "{6D86283E-F1C7-4FA8-ABED-F99AEEE34897}"
EndProject
Project("{2150E333-8FDC-42A3-9474-1A3956D46DE8}") = "SolutionItems", "SolutionItems", "{D31E2572-B63C-418F-A609-739E0FAC2EE6}"
	ProjectSection(SolutionItems) = preProject
		.editorconfig = .editorconfig
		.gitignore = .gitignore
		CodeMaid.config = CodeMaid.config
		dotnetformat.ps1 = dotnetformat.ps1
		LICENSE.txt = LICENSE.txt
		THIRD-PARTY-NOTICES.txt = THIRD-PARTY-NOTICES.txt
	EndProjectSection
EndProject
Global
	GlobalSection(SolutionConfigurationPlatforms) = preSolution
		Debug|Any CPU = Debug|Any CPU
		Release|Any CPU = Release|Any CPU
	EndGlobalSection
	GlobalSection(ProjectConfigurationPlatforms) = postSolution
		{D7DFFA0E-463E-4F2E-B541-4A0DAF44E20A}.Debug|Any CPU.ActiveCfg = Debug|Any CPU
		{D7DFFA0E-463E-4F2E-B541-4A0DAF44E20A}.Debug|Any CPU.Build.0 = Debug|Any CPU
		{D7DFFA0E-463E-4F2E-B541-4A0DAF44E20A}.Release|Any CPU.ActiveCfg = Release|Any CPU
		{D7DFFA0E-463E-4F2E-B541-4A0DAF44E20A}.Release|Any CPU.Build.0 = Release|Any CPU
		{6D86283E-F1C7-4FA8-ABED-F99AEEE34897}.Debug|Any CPU.ActiveCfg = Debug|Any CPU
		{6D86283E-F1C7-4FA8-ABED-F99AEEE34897}.Debug|Any CPU.Build.0 = Debug|Any CPU
		{6D86283E-F1C7-4FA8-ABED-F99AEEE34897}.Release|Any CPU.ActiveCfg = Release|Any CPU
		{6D86283E-F1C7-4FA8-ABED-F99AEEE34897}.Release|Any CPU.Build.0 = Release|Any CPU
	EndGlobalSection
	GlobalSection(SolutionProperties) = preSolution
		HideSolutionNode = FALSE
	EndGlobalSection
	GlobalSection(ExtensibilityGlobals) = postSolution
		SolutionGuid = {DE868AD2-EFBA-4E49-96F2-42EC315248FC}
	EndGlobalSection
EndGlobal
